PODS:
  - miamCore (0.0.18)
  - MiamIOSFramework (0.0.18):
    - miamCore (~> 0.0.18)

DEPENDENCIES:
  - MiamIOSFramework (~> 0.0.18)

SPEC REPOS:
  trunk:
    - miamCore
    - MiamIOSFramework

SPEC CHECKSUMS:
  miamCore: f3bcfcdab7bb005e89a9f4820276ded9c35af29e
  MiamIOSFramework: 488994d5bd834df52ed5931eb2e27bf702dd0232

PODFILE CHECKSUM: 6b34fb9720b41a7fa68b0d792c52fe84d06b3cb2

COCOAPODS: 1.12.1
