PODS:
  - miamCore (3.12.6)
  - MiamIOSFramework (3.12.6):
    - miamCore (~> 3.12.6)

DEPENDENCIES:
  - MiamIOSFramework (~> 3.12.6)

SPEC REPOS:
  trunk:
    - miamCore
    - MiamIOSFramework

SPEC CHECKSUMS:
  miamCore: 7893da9649cb53cf1371e39ac675dcfdcb818118
  MiamIOSFramework: 507681ffb1ab5dca67abb408ae099cbe68ece65b

PODFILE CHECKSUM: 9e3a5a822abc5a55ebcde621e6121f1b86bb7902

COCOAPODS: 1.12.1
