// !$*UTF8*$!
{
	archiveVersion = 1;
	classes = {
	};
	objectVersion = 55;
	objects = {

/* Begin PBXBuildFile section */
		26285D882A81415600E41EB7 /* FiltersViewController.swift in Sources */ = {isa = PBXBuildFile; fileRef = 26285D872A81415500E41EB7 /* FiltersViewController.swift */; };
		26285D8B2A82B44000E41EB7 /* CatalogViewController.swift in Sources */ = {isa = PBXBuildFile; fileRef = 26285D8A2A82B44000E41EB7 /* CatalogViewController.swift */; };
		262BEA4D2AC713FC00E7835D /* PreferencesSearchViewController.swift in Sources */ = {isa = PBXBuildFile; fileRef = 262BEA4C2AC713FC00E7835D /* PreferencesSearchViewController.swift */; };
		263462872AE7CD90004C1C63 /* Localizable.strings in Resources */ = {isa = PBXBuildFile; fileRef = 263462892AE7CD90004C1C63 /* Localizable.strings */; };
		2634628C2AE7CDA4004C1C63 /* Localizable.strings in Resources */ = {isa = PBXBuildFile; fileRef = 2634628E2AE7CDA4004C1C63 /* Localizable.strings */; };
		264A36B42A6FC3D300EA2D23 /* MiamIOSFramework in Frameworks */ = {isa = PBXBuildFile; productRef = 264A36B32A6FC3D300EA2D23 /* MiamIOSFramework */; };
		264A36C12A70022200EA2D23 /* MiamNeutraliOSFramework in Frameworks */ = {isa = PBXBuildFile; productRef = 264A36C02A70022200EA2D23 /* MiamNeutraliOSFramework */; };
		264A36C52A7003CC00EA2D23 /* MealPlannerBasketViewController.swift in Sources */ = {isa = PBXBuildFile; fileRef = 264A36C42A7003CC00EA2D23 /* MealPlannerBasketViewController.swift */; };
		264A36C72A7003E300EA2D23 /* MealPlannerRecipePickerViewController.swift in Sources */ = {isa = PBXBuildFile; fileRef = 264A36C62A7003E300EA2D23 /* MealPlannerRecipePickerViewController.swift */; };
		264A36CB2A7003F200EA2D23 /* MealPlannerFormViewController.swift in Sources */ = {isa = PBXBuildFile; fileRef = 264A36C82A7003F200EA2D23 /* MealPlannerFormViewController.swift */; };
		264A36CC2A7003F200EA2D23 /* MealPlannerResultsViewController.swift in Sources */ = {isa = PBXBuildFile; fileRef = 264A36C92A7003F200EA2D23 /* MealPlannerResultsViewController.swift */; };
		264A36CD2A7003F200EA2D23 /* ItemSelectorViewController.swift in Sources */ = {isa = PBXBuildFile; fileRef = 264A36CA2A7003F200EA2D23 /* ItemSelectorViewController.swift */; };
		264A36CF2A70045200EA2D23 /* MealPlannerRecapPurchaseViewController.swift in Sources */ = {isa = PBXBuildFile; fileRef = 264A36CE2A70045200EA2D23 /* MealPlannerRecapPurchaseViewController.swift */; };
		265750DE2AE66B4F00E186F7 /* MiamManager.swift in Sources */ = {isa = PBXBuildFile; fileRef = 265750DD2AE66B4F00E186F7 /* MiamManager.swift */; };
		265750E02AE6748D00E186F7 /* PretendBasketViewController.swift in Sources */ = {isa = PBXBuildFile; fileRef = 265750DF2AE6748D00E186F7 /* PretendBasketViewController.swift */; };
		266175292ACAF3B400D89390 /* MyMealsViewController.swift in Sources */ = {isa = PBXBuildFile; fileRef = 266175282ACAF3B400D89390 /* MyMealsViewController.swift */; };
		266175512ACC4A5C00D89390 /* SponsorDetailsViewController.swift in Sources */ = {isa = PBXBuildFile; fileRef = 266175502ACC4A5C00D89390 /* SponsorDetailsViewController.swift */; };
		2670BA042ACF087600A188AC /* RecipeDetailsViewController.swift in Sources */ = {isa = PBXBuildFile; fileRef = 2670BA032ACF087600A188AC /* RecipeDetailsViewController.swift */; };
		2684C6652ADD2E920030B844 /* BasketTagViewController.swift in Sources */ = {isa = PBXBuildFile; fileRef = 2684C6642ADD2E920030B844 /* BasketTagViewController.swift */; };
		2684C6672ADD3F900030B844 /* RecipeCarouselViewController.swift in Sources */ = {isa = PBXBuildFile; fileRef = 2684C6662ADD3F900030B844 /* RecipeCarouselViewController.swift */; };
		268CC3522AE284FF0065FEFC /* ComponentsViewController.swift in Sources */ = {isa = PBXBuildFile; fileRef = 268CC3512AE284FF0065FEFC /* ComponentsViewController.swift */; };
		268CC3552AE286FD0065FEFC /* ExplainCarouselViewController.swift in Sources */ = {isa = PBXBuildFile; fileRef = 268CC3542AE286FD0065FEFC /* ExplainCarouselViewController.swift */; };
		268CC3572AE2BCC20065FEFC /* ExplainMealPlannerViewController.swift in Sources */ = {isa = PBXBuildFile; fileRef = 268CC3562AE2BCC20065FEFC /* ExplainMealPlannerViewController.swift */; };
		268CC3592AE2C52C0065FEFC /* ExplainBasketTagViewController.swift in Sources */ = {isa = PBXBuildFile; fileRef = 268CC3582AE2C52C0065FEFC /* ExplainBasketTagViewController.swift */; };
		26B8477B2AE90178000C9AF1 /* PretendProduct.swift in Sources */ = {isa = PBXBuildFile; fileRef = 26B8477A2AE90178000C9AF1 /* PretendProduct.swift */; };
		26B8477D2AE9018F000C9AF1 /* PretendBasket.swift in Sources */ = {isa = PBXBuildFile; fileRef = 26B8477C2AE9018F000C9AF1 /* PretendBasket.swift */; };
		26B847872AE96DF4000C9AF1 /* FirebaseAppDistribution-Beta in Frameworks */ = {isa = PBXBuildFile; productRef = 26B847862AE96DF4000C9AF1 /* FirebaseAppDistribution-Beta */; };
		26B847892AE96E54000C9AF1 /* GoogleService-Info.plist in Resources */ = {isa = PBXBuildFile; fileRef = 26B847882AE96E54000C9AF1 /* GoogleService-Info.plist */; };
		26C8A8EF2ABC78D100090225 /* CatalogSearchViewController.swift in Sources */ = {isa = PBXBuildFile; fileRef = 26C8A8EE2ABC78D100090225 /* CatalogSearchViewController.swift */; };
		26C8A8F12ABDEC9C00090225 /* PreferencesViewController.swift in Sources */ = {isa = PBXBuildFile; fileRef = 26C8A8F02ABDEC9C00090225 /* PreferencesViewController.swift */; };
		26C8A8F32AC1D77800090225 /* FavoritesViewController.swift in Sources */ = {isa = PBXBuildFile; fileRef = 26C8A8F22AC1D77800090225 /* FavoritesViewController.swift */; };
		26F51A322ABC487C00DCD031 /* CatalogResultsViewController.swift in Sources */ = {isa = PBXBuildFile; fileRef = 26F51A312ABC487C00DCD031 /* CatalogResultsViewController.swift */; };
		BF1A8027287DC14400F8FF9A /* DiscloseViewController.swift in Sources */ = {isa = PBXBuildFile; fileRef = BF1A8026287DC14400F8FF9A /* DiscloseViewController.swift */; };
		BF2AC98B28F6D1B1000776A2 /* RecipeSuggestionTestViewController.swift in Sources */ = {isa = PBXBuildFile; fileRef = BF2AC98A28F6D1B1000776A2 /* RecipeSuggestionTestViewController.swift */; };
		BF2AC99028F818AB000776A2 /* ProductTableViewCell.swift in Sources */ = {isa = PBXBuildFile; fileRef = BF2AC98F28F818AB000776A2 /* ProductTableViewCell.swift */; };
		BF59A47F28D0DC0200882BA9 /* RecipeCardHostingTableViewCell.swift in Sources */ = {isa = PBXBuildFile; fileRef = BF59A47E28D0DC0200882BA9 /* RecipeCardHostingTableViewCell.swift */; };
		BF85057B28578EF800651864 /* AppDelegate.swift in Sources */ = {isa = PBXBuildFile; fileRef = BF85057A28578EF800651864 /* AppDelegate.swift */; };
		BF85057D28578EF800651864 /* SceneDelegate.swift in Sources */ = {isa = PBXBuildFile; fileRef = BF85057C28578EF800651864 /* SceneDelegate.swift */; };
		BF85058228578EF800651864 /* Main.storyboard in Resources */ = {isa = PBXBuildFile; fileRef = BF85058028578EF800651864 /* Main.storyboard */; };
		BF85058428578EFA00651864 /* Assets.xcassets in Resources */ = {isa = PBXBuildFile; fileRef = BF85058328578EFA00651864 /* Assets.xcassets */; };
		BF85058728578EFA00651864 /* LaunchScreen.storyboard in Resources */ = {isa = PBXBuildFile; fileRef = BF85058528578EFA00651864 /* LaunchScreen.storyboard */; };
/* End PBXBuildFile section */

/* Begin PBXFileReference section */
		26285D872A81415500E41EB7 /* FiltersViewController.swift */ = {isa = PBXFileReference; lastKnownFileType = sourcecode.swift; path = FiltersViewController.swift; sourceTree = "<group>"; };
		26285D8A2A82B44000E41EB7 /* CatalogViewController.swift */ = {isa = PBXFileReference; lastKnownFileType = sourcecode.swift; path = CatalogViewController.swift; sourceTree = "<group>"; };
		262BEA4C2AC713FC00E7835D /* PreferencesSearchViewController.swift */ = {isa = PBXFileReference; lastKnownFileType = sourcecode.swift; path = PreferencesSearchViewController.swift; sourceTree = "<group>"; };
		263462802AE7B0D6004C1C63 /* fr */ = {isa = PBXFileReference; lastKnownFileType = text.plist.strings; name = fr; path = fr.lproj/Main.strings; sourceTree = "<group>"; };
		263462812AE7B0D6004C1C63 /* fr */ = {isa = PBXFileReference; lastKnownFileType = text.plist.strings; name = fr; path = fr.lproj/LaunchScreen.strings; sourceTree = "<group>"; };
		263462822AE7B262004C1C63 /* en */ = {isa = PBXFileReference; lastKnownFileType = text.plist.strings; name = en; path = en.lproj/Main.strings; sourceTree = "<group>"; };
		263462832AE7B262004C1C63 /* en */ = {isa = PBXFileReference; lastKnownFileType = text.plist.strings; name = en; path = en.lproj/LaunchScreen.strings; sourceTree = "<group>"; };
		263462882AE7CD90004C1C63 /* fr */ = {isa = PBXFileReference; lastKnownFileType = text.plist.strings; name = fr; path = fr.lproj/Localizable.strings; sourceTree = "<group>"; };
		2634628D2AE7CDA4004C1C63 /* en */ = {isa = PBXFileReference; lastKnownFileType = text.plist.strings; name = en; path = en.lproj/Localizable.strings; sourceTree = "<group>"; };
		264A36B12A6FC39C00EA2D23 /* miam-sdk */ = {isa = PBXFileReference; lastKnownFileType = wrapper; name = "miam-sdk"; path = "../miam-sdk"; sourceTree = "<group>"; };
		264A36BE2A70021400EA2D23 /* MiamNeutraliOSFramework */ = {isa = PBXFileReference; lastKnownFileType = wrapper; name = MiamNeutraliOSFramework; path = ../MiamNeutraliOSFramework; sourceTree = "<group>"; };
		264A36C42A7003CC00EA2D23 /* MealPlannerBasketViewController.swift */ = {isa = PBXFileReference; lastKnownFileType = sourcecode.swift; path = MealPlannerBasketViewController.swift; sourceTree = "<group>"; };
		264A36C62A7003E300EA2D23 /* MealPlannerRecipePickerViewController.swift */ = {isa = PBXFileReference; lastKnownFileType = sourcecode.swift; path = MealPlannerRecipePickerViewController.swift; sourceTree = "<group>"; };
		264A36C82A7003F200EA2D23 /* MealPlannerFormViewController.swift */ = {isa = PBXFileReference; lastKnownFileType = sourcecode.swift; path = MealPlannerFormViewController.swift; sourceTree = "<group>"; };
		264A36C92A7003F200EA2D23 /* MealPlannerResultsViewController.swift */ = {isa = PBXFileReference; lastKnownFileType = sourcecode.swift; path = MealPlannerResultsViewController.swift; sourceTree = "<group>"; };
		264A36CA2A7003F200EA2D23 /* ItemSelectorViewController.swift */ = {isa = PBXFileReference; lastKnownFileType = sourcecode.swift; path = ItemSelectorViewController.swift; sourceTree = "<group>"; };
		264A36CE2A70045200EA2D23 /* MealPlannerRecapPurchaseViewController.swift */ = {isa = PBXFileReference; lastKnownFileType = sourcecode.swift; path = MealPlannerRecapPurchaseViewController.swift; sourceTree = "<group>"; };
		265750DD2AE66B4F00E186F7 /* MiamManager.swift */ = {isa = PBXFileReference; lastKnownFileType = sourcecode.swift; path = MiamManager.swift; sourceTree = "<group>"; };
		265750DF2AE6748D00E186F7 /* PretendBasketViewController.swift */ = {isa = PBXFileReference; lastKnownFileType = sourcecode.swift; path = PretendBasketViewController.swift; sourceTree = "<group>"; };
		266175282ACAF3B400D89390 /* MyMealsViewController.swift */ = {isa = PBXFileReference; lastKnownFileType = sourcecode.swift; path = MyMealsViewController.swift; sourceTree = "<group>"; };
		266175502ACC4A5C00D89390 /* SponsorDetailsViewController.swift */ = {isa = PBXFileReference; lastKnownFileType = sourcecode.swift; path = SponsorDetailsViewController.swift; sourceTree = "<group>"; };
		2670BA032ACF087600A188AC /* RecipeDetailsViewController.swift */ = {isa = PBXFileReference; lastKnownFileType = sourcecode.swift; path = RecipeDetailsViewController.swift; sourceTree = "<group>"; };
		2684C6642ADD2E920030B844 /* BasketTagViewController.swift */ = {isa = PBXFileReference; lastKnownFileType = sourcecode.swift; path = BasketTagViewController.swift; sourceTree = "<group>"; };
		2684C6662ADD3F900030B844 /* RecipeCarouselViewController.swift */ = {isa = PBXFileReference; lastKnownFileType = sourcecode.swift; path = RecipeCarouselViewController.swift; sourceTree = "<group>"; };
		268CC3512AE284FF0065FEFC /* ComponentsViewController.swift */ = {isa = PBXFileReference; lastKnownFileType = sourcecode.swift; path = ComponentsViewController.swift; sourceTree = "<group>"; };
		268CC3542AE286FD0065FEFC /* ExplainCarouselViewController.swift */ = {isa = PBXFileReference; lastKnownFileType = sourcecode.swift; path = ExplainCarouselViewController.swift; sourceTree = "<group>"; };
		268CC3562AE2BCC20065FEFC /* ExplainMealPlannerViewController.swift */ = {isa = PBXFileReference; lastKnownFileType = sourcecode.swift; path = ExplainMealPlannerViewController.swift; sourceTree = "<group>"; };
		268CC3582AE2C52C0065FEFC /* ExplainBasketTagViewController.swift */ = {isa = PBXFileReference; lastKnownFileType = sourcecode.swift; path = ExplainBasketTagViewController.swift; sourceTree = "<group>"; };
		26B8477A2AE90178000C9AF1 /* PretendProduct.swift */ = {isa = PBXFileReference; lastKnownFileType = sourcecode.swift; path = PretendProduct.swift; sourceTree = "<group>"; };
		26B8477C2AE9018F000C9AF1 /* PretendBasket.swift */ = {isa = PBXFileReference; lastKnownFileType = sourcecode.swift; path = PretendBasket.swift; sourceTree = "<group>"; };
		26B847882AE96E54000C9AF1 /* GoogleService-Info.plist */ = {isa = PBXFileReference; fileEncoding = 4; lastKnownFileType = text.plist.xml; name = "GoogleService-Info.plist"; path = "../../../../Downloads/GoogleService-Info.plist"; sourceTree = "<group>"; };
		26C8A8EE2ABC78D100090225 /* CatalogSearchViewController.swift */ = {isa = PBXFileReference; lastKnownFileType = sourcecode.swift; path = CatalogSearchViewController.swift; sourceTree = "<group>"; };
		26C8A8F02ABDEC9C00090225 /* PreferencesViewController.swift */ = {isa = PBXFileReference; lastKnownFileType = sourcecode.swift; path = PreferencesViewController.swift; sourceTree = "<group>"; };
		26C8A8F22AC1D77800090225 /* FavoritesViewController.swift */ = {isa = PBXFileReference; lastKnownFileType = sourcecode.swift; path = FavoritesViewController.swift; sourceTree = "<group>"; };
		26F51A312ABC487C00DCD031 /* CatalogResultsViewController.swift */ = {isa = PBXFileReference; lastKnownFileType = sourcecode.swift; path = CatalogResultsViewController.swift; sourceTree = "<group>"; };
		BF1A8026287DC14400F8FF9A /* DiscloseViewController.swift */ = {isa = PBXFileReference; lastKnownFileType = sourcecode.swift; path = DiscloseViewController.swift; sourceTree = "<group>"; };
		BF2AC98A28F6D1B1000776A2 /* RecipeSuggestionTestViewController.swift */ = {isa = PBXFileReference; lastKnownFileType = sourcecode.swift; path = RecipeSuggestionTestViewController.swift; sourceTree = "<group>"; };
		BF2AC98F28F818AB000776A2 /* ProductTableViewCell.swift */ = {isa = PBXFileReference; lastKnownFileType = sourcecode.swift; path = ProductTableViewCell.swift; sourceTree = "<group>"; };
		BF59A47E28D0DC0200882BA9 /* RecipeCardHostingTableViewCell.swift */ = {isa = PBXFileReference; lastKnownFileType = sourcecode.swift; path = RecipeCardHostingTableViewCell.swift; sourceTree = "<group>"; };
		BF85057728578EF800651864 /* SampleMiamUIKitIntegration.app */ = {isa = PBXFileReference; explicitFileType = wrapper.application; includeInIndex = 0; path = SampleMiamUIKitIntegration.app; sourceTree = BUILT_PRODUCTS_DIR; };
		BF85057A28578EF800651864 /* AppDelegate.swift */ = {isa = PBXFileReference; lastKnownFileType = sourcecode.swift; path = AppDelegate.swift; sourceTree = "<group>"; };
		BF85057C28578EF800651864 /* SceneDelegate.swift */ = {isa = PBXFileReference; lastKnownFileType = sourcecode.swift; path = SceneDelegate.swift; sourceTree = "<group>"; };
		BF85058128578EF800651864 /* Base */ = {isa = PBXFileReference; lastKnownFileType = file.storyboard; name = Base; path = Base.lproj/Main.storyboard; sourceTree = "<group>"; };
		BF85058328578EFA00651864 /* Assets.xcassets */ = {isa = PBXFileReference; lastKnownFileType = folder.assetcatalog; path = Assets.xcassets; sourceTree = "<group>"; };
		BF85058628578EFA00651864 /* Base */ = {isa = PBXFileReference; lastKnownFileType = file.storyboard; name = Base; path = Base.lproj/LaunchScreen.storyboard; sourceTree = "<group>"; };
		BF85058828578EFA00651864 /* Info.plist */ = {isa = PBXFileReference; lastKnownFileType = text.plist.xml; path = Info.plist; sourceTree = "<group>"; };
/* End PBXFileReference section */

/* Begin PBXFrameworksBuildPhase section */
		BF85057428578EF800651864 /* Frameworks */ = {
			isa = PBXFrameworksBuildPhase;
			buildActionMask = 2147483647;
			files = (
				264A36B42A6FC3D300EA2D23 /* MiamIOSFramework in Frameworks */,
				264A36C12A70022200EA2D23 /* MiamNeutraliOSFramework in Frameworks */,
				26B847872AE96DF4000C9AF1 /* FirebaseAppDistribution-Beta in Frameworks */,
			);
			runOnlyForDeploymentPostprocessing = 0;
		};
/* End PBXFrameworksBuildPhase section */

/* Begin PBXGroup section */
		26285D892A82B2EA00E41EB7 /* MealPlanner */ = {
			isa = PBXGroup;
			children = (
				264A36C92A7003F200EA2D23 /* MealPlannerResultsViewController.swift */,
				264A36C42A7003CC00EA2D23 /* MealPlannerBasketViewController.swift */,
				264A36CE2A70045200EA2D23 /* MealPlannerRecapPurchaseViewController.swift */,
				264A36C82A7003F200EA2D23 /* MealPlannerFormViewController.swift */,
				264A36C62A7003E300EA2D23 /* MealPlannerRecipePickerViewController.swift */,
			);
			path = MealPlanner;
			sourceTree = "<group>";
		};
		263462842AE7CD46004C1C63 /* Localization */ = {
			isa = PBXGroup;
			children = (
				263462892AE7CD90004C1C63 /* Localizable.strings */,
				2634628E2AE7CDA4004C1C63 /* Localizable.strings */,
			);
			path = Localization;
			sourceTree = "<group>";
		};
		264A36B02A6FC39C00EA2D23 /* Packages */ = {
			isa = PBXGroup;
			children = (
				264A36B12A6FC39C00EA2D23 /* miam-sdk */,
				264A36BE2A70021400EA2D23 /* MiamNeutraliOSFramework */,
			);
			name = Packages;
			sourceTree = "<group>";
		};
		266175272ACAF3A200D89390 /* MyMeals */ = {
			isa = PBXGroup;
			children = (
				266175282ACAF3B400D89390 /* MyMealsViewController.swift */,
			);
			path = MyMeals;
			sourceTree = "<group>";
		};
		2672B0242AB9CB31008D2327 /* GeneralViews */ = {
			isa = PBXGroup;
			children = (
				264A36CA2A7003F200EA2D23 /* ItemSelectorViewController.swift */,
				26C8A8F22AC1D77800090225 /* FavoritesViewController.swift */,
				2670BA032ACF087600A188AC /* RecipeDetailsViewController.swift */,
				2684C6642ADD2E920030B844 /* BasketTagViewController.swift */,
				2684C6662ADD3F900030B844 /* RecipeCarouselViewController.swift */,
			);
			path = GeneralViews;
			sourceTree = "<group>";
		};
		268CC3532AE286D60065FEFC /* ComponentExplanations */ = {
			isa = PBXGroup;
			children = (
				268CC3542AE286FD0065FEFC /* ExplainCarouselViewController.swift */,
				268CC3562AE2BCC20065FEFC /* ExplainMealPlannerViewController.swift */,
				268CC3582AE2C52C0065FEFC /* ExplainBasketTagViewController.swift */,
			);
			path = ComponentExplanations;
			sourceTree = "<group>";
		};
		26B847792AE90156000C9AF1 /* PretendBasket */ = {
			isa = PBXGroup;
			children = (
				265750DF2AE6748D00E186F7 /* PretendBasketViewController.swift */,
				26B8477A2AE90178000C9AF1 /* PretendProduct.swift */,
				26B8477C2AE9018F000C9AF1 /* PretendBasket.swift */,
			);
			path = PretendBasket;
			sourceTree = "<group>";
		};
		26E0D9892A94E21400EA7DDD /* Catalog */ = {
			isa = PBXGroup;
			children = (
				262BEA4C2AC713FC00E7835D /* PreferencesSearchViewController.swift */,
				26285D872A81415500E41EB7 /* FiltersViewController.swift */,
				26285D8A2A82B44000E41EB7 /* CatalogViewController.swift */,
				26F51A312ABC487C00DCD031 /* CatalogResultsViewController.swift */,
				26C8A8EE2ABC78D100090225 /* CatalogSearchViewController.swift */,
				26C8A8F02ABDEC9C00090225 /* PreferencesViewController.swift */,
				266175502ACC4A5C00D89390 /* SponsorDetailsViewController.swift */,
			);
			path = Catalog;
			sourceTree = "<group>";
		};
		9FCC2D7B65602A1222F1A0AD /* Frameworks */ = {
			isa = PBXGroup;
			children = (
			);
			name = Frameworks;
			sourceTree = "<group>";
		};
		BF85056E28578EF800651864 = {
			isa = PBXGroup;
			children = (
				264A36B02A6FC39C00EA2D23 /* Packages */,
				BF85057928578EF800651864 /* SampleMiamUIKitIntegration */,
				BF85057828578EF800651864 /* Products */,
				9FCC2D7B65602A1222F1A0AD /* Frameworks */,
			);
			sourceTree = "<group>";
		};
		BF85057828578EF800651864 /* Products */ = {
			isa = PBXGroup;
			children = (
				BF85057728578EF800651864 /* SampleMiamUIKitIntegration.app */,
			);
			name = Products;
			sourceTree = "<group>";
		};
		BF85057928578EF800651864 /* SampleMiamUIKitIntegration */ = {
			isa = PBXGroup;
			children = (
				26B847882AE96E54000C9AF1 /* GoogleService-Info.plist */,
				26B847792AE90156000C9AF1 /* PretendBasket */,
				263462842AE7CD46004C1C63 /* Localization */,
				268CC3532AE286D60065FEFC /* ComponentExplanations */,
				266175272ACAF3A200D89390 /* MyMeals */,
				2672B0242AB9CB31008D2327 /* GeneralViews */,
				26E0D9892A94E21400EA7DDD /* Catalog */,
				26285D892A82B2EA00E41EB7 /* MealPlanner */,
				BF85057A28578EF800651864 /* AppDelegate.swift */,
				BF85057C28578EF800651864 /* SceneDelegate.swift */,
				BF85058028578EF800651864 /* Main.storyboard */,
				BF85058328578EFA00651864 /* Assets.xcassets */,
				BF85058528578EFA00651864 /* LaunchScreen.storyboard */,
				BF85058828578EFA00651864 /* Info.plist */,
				BF1A8026287DC14400F8FF9A /* DiscloseViewController.swift */,
				BF59A47E28D0DC0200882BA9 /* RecipeCardHostingTableViewCell.swift */,
				BF2AC98A28F6D1B1000776A2 /* RecipeSuggestionTestViewController.swift */,
				BF2AC98F28F818AB000776A2 /* ProductTableViewCell.swift */,
				268CC3512AE284FF0065FEFC /* ComponentsViewController.swift */,
				265750DD2AE66B4F00E186F7 /* MiamManager.swift */,
			);
			path = SampleMiamUIKitIntegration;
			sourceTree = "<group>";
		};
/* End PBXGroup section */

/* Begin PBXNativeTarget section */
		BF85057628578EF800651864 /* SampleMiamUIKitIntegration */ = {
			isa = PBXNativeTarget;
			buildConfigurationList = BF85058B28578EFA00651864 /* Build configuration list for PBXNativeTarget "SampleMiamUIKitIntegration" */;
			buildPhases = (
				BF85057328578EF800651864 /* Sources */,
				BF85057428578EF800651864 /* Frameworks */,
				BF85057528578EF800651864 /* Resources */,
			);
			buildRules = (
			);
			dependencies = (
			);
			name = SampleMiamUIKitIntegration;
			packageProductDependencies = (
				264A36B32A6FC3D300EA2D23 /* MiamIOSFramework */,
				264A36C02A70022200EA2D23 /* MiamNeutraliOSFramework */,
				26B847862AE96DF4000C9AF1 /* FirebaseAppDistribution-Beta */,
			);
			productName = SampleUIKitIntegration;
			productReference = BF85057728578EF800651864 /* SampleMiamUIKitIntegration.app */;
			productType = "com.apple.product-type.application";
		};
/* End PBXNativeTarget section */

/* Begin PBXProject section */
		BF85056F28578EF800651864 /* Project object */ = {
			isa = PBXProject;
			attributes = {
				BuildIndependentTargetsInParallel = 1;
				LastSwiftUpdateCheck = 1340;
				LastUpgradeCheck = 1340;
				TargetAttributes = {
					BF85057628578EF800651864 = {
						CreatedOnToolsVersion = 13.4.1;
					};
				};
			};
			buildConfigurationList = BF85057228578EF800651864 /* Build configuration list for PBXProject "SampleMiamUIKitIntegration" */;
			compatibilityVersion = "Xcode 13.0";
			developmentRegion = en;
			hasScannedForEncodings = 0;
			knownRegions = (
				Base,
				fr,
				en,
			);
			mainGroup = BF85056E28578EF800651864;
			packageReferences = (
				264A36B22A6FC3D300EA2D23 /* XCRemoteSwiftPackageReference "miam-sdk" */,
				264A36BF2A70022200EA2D23 /* XCRemoteSwiftPackageReference "MiamNeutraliOSFramework" */,
				26B847852AE96DF4000C9AF1 /* XCRemoteSwiftPackageReference "firebase-ios-sdk" */,
			);
			productRefGroup = BF85057828578EF800651864 /* Products */;
			projectDirPath = "";
			projectRoot = "";
			targets = (
				BF85057628578EF800651864 /* SampleMiamUIKitIntegration */,
			);
		};
/* End PBXProject section */

/* Begin PBXResourcesBuildPhase section */
		BF85057528578EF800651864 /* Resources */ = {
			isa = PBXResourcesBuildPhase;
			buildActionMask = 2147483647;
			files = (
				2634628C2AE7CDA4004C1C63 /* Localizable.strings in Resources */,
				BF85058728578EFA00651864 /* LaunchScreen.storyboard in Resources */,
				263462872AE7CD90004C1C63 /* Localizable.strings in Resources */,
				BF85058428578EFA00651864 /* Assets.xcassets in Resources */,
				BF85058228578EF800651864 /* Main.storyboard in Resources */,
				26B847892AE96E54000C9AF1 /* GoogleService-Info.plist in Resources */,
			);
			runOnlyForDeploymentPostprocessing = 0;
		};
/* End PBXResourcesBuildPhase section */

/* Begin PBXSourcesBuildPhase section */
		BF85057328578EF800651864 /* Sources */ = {
			isa = PBXSourcesBuildPhase;
			buildActionMask = 2147483647;
			files = (
				268CC3552AE286FD0065FEFC /* ExplainCarouselViewController.swift in Sources */,
				262BEA4D2AC713FC00E7835D /* PreferencesSearchViewController.swift in Sources */,
				264A36CF2A70045200EA2D23 /* MealPlannerRecapPurchaseViewController.swift in Sources */,
				266175512ACC4A5C00D89390 /* SponsorDetailsViewController.swift in Sources */,
				264A36CB2A7003F200EA2D23 /* MealPlannerFormViewController.swift in Sources */,
				268CC3572AE2BCC20065FEFC /* ExplainMealPlannerViewController.swift in Sources */,
				264A36CC2A7003F200EA2D23 /* MealPlannerResultsViewController.swift in Sources */,
				264A36CD2A7003F200EA2D23 /* ItemSelectorViewController.swift in Sources */,
				264A36C72A7003E300EA2D23 /* MealPlannerRecipePickerViewController.swift in Sources */,
				2684C6672ADD3F900030B844 /* RecipeCarouselViewController.swift in Sources */,
				26285D8B2A82B44000E41EB7 /* CatalogViewController.swift in Sources */,
				264A36C52A7003CC00EA2D23 /* MealPlannerBasketViewController.swift in Sources */,
				BF59A47F28D0DC0200882BA9 /* RecipeCardHostingTableViewCell.swift in Sources */,
				BF2AC99028F818AB000776A2 /* ProductTableViewCell.swift in Sources */,
				BF2AC98B28F6D1B1000776A2 /* RecipeSuggestionTestViewController.swift in Sources */,
				2684C6652ADD2E920030B844 /* BasketTagViewController.swift in Sources */,
				266175292ACAF3B400D89390 /* MyMealsViewController.swift in Sources */,
				26285D882A81415600E41EB7 /* FiltersViewController.swift in Sources */,
				26C8A8EF2ABC78D100090225 /* CatalogSearchViewController.swift in Sources */,
				BF1A8027287DC14400F8FF9A /* DiscloseViewController.swift in Sources */,
				26F51A322ABC487C00DCD031 /* CatalogResultsViewController.swift in Sources */,
				268CC3592AE2C52C0065FEFC /* ExplainBasketTagViewController.swift in Sources */,
				BF85057B28578EF800651864 /* AppDelegate.swift in Sources */,
				26C8A8F32AC1D77800090225 /* FavoritesViewController.swift in Sources */,
				BF85057D28578EF800651864 /* SceneDelegate.swift in Sources */,
				26C8A8F12ABDEC9C00090225 /* PreferencesViewController.swift in Sources */,
				26B8477D2AE9018F000C9AF1 /* PretendBasket.swift in Sources */,
				2670BA042ACF087600A188AC /* RecipeDetailsViewController.swift in Sources */,
				265750E02AE6748D00E186F7 /* PretendBasketViewController.swift in Sources */,
				26B8477B2AE90178000C9AF1 /* PretendProduct.swift in Sources */,
				265750DE2AE66B4F00E186F7 /* MiamManager.swift in Sources */,
				268CC3522AE284FF0065FEFC /* ComponentsViewController.swift in Sources */,
			);
			runOnlyForDeploymentPostprocessing = 0;
		};
/* End PBXSourcesBuildPhase section */

/* Begin PBXVariantGroup section */
		263462892AE7CD90004C1C63 /* Localizable.strings */ = {
			isa = PBXVariantGroup;
			children = (
				263462882AE7CD90004C1C63 /* fr */,
			);
			name = Localizable.strings;
			sourceTree = "<group>";
		};
		2634628E2AE7CDA4004C1C63 /* Localizable.strings */ = {
			isa = PBXVariantGroup;
			children = (
				2634628D2AE7CDA4004C1C63 /* en */,
			);
			name = Localizable.strings;
			sourceTree = "<group>";
		};
		BF85058028578EF800651864 /* Main.storyboard */ = {
			isa = PBXVariantGroup;
			children = (
				BF85058128578EF800651864 /* Base */,
				263462802AE7B0D6004C1C63 /* fr */,
				263462822AE7B262004C1C63 /* en */,
			);
			name = Main.storyboard;
			sourceTree = "<group>";
		};
		BF85058528578EFA00651864 /* LaunchScreen.storyboard */ = {
			isa = PBXVariantGroup;
			children = (
				BF85058628578EFA00651864 /* Base */,
				263462812AE7B0D6004C1C63 /* fr */,
				263462832AE7B262004C1C63 /* en */,
			);
			name = LaunchScreen.storyboard;
			sourceTree = "<group>";
		};
/* End PBXVariantGroup section */

/* Begin XCBuildConfiguration section */
		BF85058928578EFA00651864 /* Debug */ = {
			isa = XCBuildConfiguration;
			buildSettings = {
				ALWAYS_SEARCH_USER_PATHS = NO;
				CLANG_ANALYZER_LOCALIZABILITY_NONLOCALIZED = YES;
				CLANG_ANALYZER_NONNULL = YES;
				CLANG_ANALYZER_NUMBER_OBJECT_CONVERSION = YES_AGGRESSIVE;
				CLANG_CXX_LANGUAGE_STANDARD = "gnu++17";
				CLANG_ENABLE_MODULES = YES;
				CLANG_ENABLE_OBJC_ARC = YES;
				CLANG_ENABLE_OBJC_WEAK = YES;
				CLANG_WARN_BLOCK_CAPTURE_AUTORELEASING = YES;
				CLANG_WARN_BOOL_CONVERSION = YES;
				CLANG_WARN_COMMA = YES;
				CLANG_WARN_CONSTANT_CONVERSION = YES;
				CLANG_WARN_DEPRECATED_OBJC_IMPLEMENTATIONS = YES;
				CLANG_WARN_DIRECT_OBJC_ISA_USAGE = YES_ERROR;
				CLANG_WARN_DOCUMENTATION_COMMENTS = YES;
				CLANG_WARN_EMPTY_BODY = YES;
				CLANG_WARN_ENUM_CONVERSION = YES;
				CLANG_WARN_INFINITE_RECURSION = YES;
				CLANG_WARN_INT_CONVERSION = YES;
				CLANG_WARN_NON_LITERAL_NULL_CONVERSION = YES;
				CLANG_WARN_OBJC_IMPLICIT_RETAIN_SELF = YES;
				CLANG_WARN_OBJC_LITERAL_CONVERSION = YES;
				CLANG_WARN_OBJC_ROOT_CLASS = YES_ERROR;
				CLANG_WARN_QUOTED_INCLUDE_IN_FRAMEWORK_HEADER = YES;
				CLANG_WARN_RANGE_LOOP_ANALYSIS = YES;
				CLANG_WARN_STRICT_PROTOTYPES = YES;
				CLANG_WARN_SUSPICIOUS_MOVE = YES;
				CLANG_WARN_UNGUARDED_AVAILABILITY = YES_AGGRESSIVE;
				CLANG_WARN_UNREACHABLE_CODE = YES;
				CLANG_WARN__DUPLICATE_METHOD_MATCH = YES;
				COPY_PHASE_STRIP = NO;
				DEBUG_INFORMATION_FORMAT = dwarf;
				ENABLE_STRICT_OBJC_MSGSEND = YES;
				ENABLE_TESTABILITY = YES;
				GCC_C_LANGUAGE_STANDARD = gnu11;
				GCC_DYNAMIC_NO_PIC = NO;
				GCC_NO_COMMON_BLOCKS = YES;
				GCC_OPTIMIZATION_LEVEL = 0;
				GCC_PREPROCESSOR_DEFINITIONS = (
					"DEBUG=1",
					"$(inherited)",
				);
				GCC_WARN_64_TO_32_BIT_CONVERSION = YES;
				GCC_WARN_ABOUT_RETURN_TYPE = YES_ERROR;
				GCC_WARN_UNDECLARED_SELECTOR = YES;
				GCC_WARN_UNINITIALIZED_AUTOS = YES_AGGRESSIVE;
				GCC_WARN_UNUSED_FUNCTION = YES;
				GCC_WARN_UNUSED_VARIABLE = YES;
				IPHONEOS_DEPLOYMENT_TARGET = 15.5;
				MTL_ENABLE_DEBUG_INFO = INCLUDE_SOURCE;
				MTL_FAST_MATH = YES;
				ONLY_ACTIVE_ARCH = YES;
				SDKROOT = iphoneos;
				SWIFT_ACTIVE_COMPILATION_CONDITIONS = DEBUG;
				SWIFT_OPTIMIZATION_LEVEL = "-Onone";
			};
			name = Debug;
		};
		BF85058A28578EFA00651864 /* Release */ = {
			isa = XCBuildConfiguration;
			buildSettings = {
				ALWAYS_SEARCH_USER_PATHS = NO;
				CLANG_ANALYZER_LOCALIZABILITY_NONLOCALIZED = YES;
				CLANG_ANALYZER_NONNULL = YES;
				CLANG_ANALYZER_NUMBER_OBJECT_CONVERSION = YES_AGGRESSIVE;
				CLANG_CXX_LANGUAGE_STANDARD = "gnu++17";
				CLANG_ENABLE_MODULES = YES;
				CLANG_ENABLE_OBJC_ARC = YES;
				CLANG_ENABLE_OBJC_WEAK = YES;
				CLANG_WARN_BLOCK_CAPTURE_AUTORELEASING = YES;
				CLANG_WARN_BOOL_CONVERSION = YES;
				CLANG_WARN_COMMA = YES;
				CLANG_WARN_CONSTANT_CONVERSION = YES;
				CLANG_WARN_DEPRECATED_OBJC_IMPLEMENTATIONS = YES;
				CLANG_WARN_DIRECT_OBJC_ISA_USAGE = YES_ERROR;
				CLANG_WARN_DOCUMENTATION_COMMENTS = YES;
				CLANG_WARN_EMPTY_BODY = YES;
				CLANG_WARN_ENUM_CONVERSION = YES;
				CLANG_WARN_INFINITE_RECURSION = YES;
				CLANG_WARN_INT_CONVERSION = YES;
				CLANG_WARN_NON_LITERAL_NULL_CONVERSION = YES;
				CLANG_WARN_OBJC_IMPLICIT_RETAIN_SELF = YES;
				CLANG_WARN_OBJC_LITERAL_CONVERSION = YES;
				CLANG_WARN_OBJC_ROOT_CLASS = YES_ERROR;
				CLANG_WARN_QUOTED_INCLUDE_IN_FRAMEWORK_HEADER = YES;
				CLANG_WARN_RANGE_LOOP_ANALYSIS = YES;
				CLANG_WARN_STRICT_PROTOTYPES = YES;
				CLANG_WARN_SUSPICIOUS_MOVE = YES;
				CLANG_WARN_UNGUARDED_AVAILABILITY = YES_AGGRESSIVE;
				CLANG_WARN_UNREACHABLE_CODE = YES;
				CLANG_WARN__DUPLICATE_METHOD_MATCH = YES;
				COPY_PHASE_STRIP = NO;
				DEBUG_INFORMATION_FORMAT = "dwarf-with-dsym";
				ENABLE_NS_ASSERTIONS = NO;
				ENABLE_STRICT_OBJC_MSGSEND = YES;
				GCC_C_LANGUAGE_STANDARD = gnu11;
				GCC_NO_COMMON_BLOCKS = YES;
				GCC_WARN_64_TO_32_BIT_CONVERSION = YES;
				GCC_WARN_ABOUT_RETURN_TYPE = YES_ERROR;
				GCC_WARN_UNDECLARED_SELECTOR = YES;
				GCC_WARN_UNINITIALIZED_AUTOS = YES_AGGRESSIVE;
				GCC_WARN_UNUSED_FUNCTION = YES;
				GCC_WARN_UNUSED_VARIABLE = YES;
				IPHONEOS_DEPLOYMENT_TARGET = 15.5;
				MTL_ENABLE_DEBUG_INFO = NO;
				MTL_FAST_MATH = YES;
				SDKROOT = iphoneos;
				SWIFT_COMPILATION_MODE = wholemodule;
				SWIFT_OPTIMIZATION_LEVEL = "-O";
				VALIDATE_PRODUCT = YES;
			};
			name = Release;
		};
		BF85058C28578EFA00651864 /* Debug */ = {
			isa = XCBuildConfiguration;
			buildSettings = {
				ASSETCATALOG_COMPILER_APPICON_NAME = AppIcon;
				ASSETCATALOG_COMPILER_GLOBAL_ACCENT_COLOR_NAME = AccentColor;
				CODE_SIGN_STYLE = Automatic;
				CURRENT_PROJECT_VERSION = 1;
				DEVELOPMENT_TEAM = VLHN7Y8965;
				GENERATE_INFOPLIST_FILE = YES;
				INFOPLIST_FILE = SampleMiamUIKitIntegration/Info.plist;
				INFOPLIST_KEY_UIApplicationSupportsIndirectInputEvents = YES;
				INFOPLIST_KEY_UILaunchStoryboardName = LaunchScreen;
				INFOPLIST_KEY_UIMainStoryboardFile = Main;
				INFOPLIST_KEY_UIStatusBarStyle = "";
				INFOPLIST_KEY_UISupportedInterfaceOrientations_iPad = "UIInterfaceOrientationPortrait UIInterfaceOrientationPortraitUpsideDown UIInterfaceOrientationLandscapeLeft UIInterfaceOrientationLandscapeRight";
				INFOPLIST_KEY_UISupportedInterfaceOrientations_iPhone = "UIInterfaceOrientationPortrait UIInterfaceOrientationLandscapeLeft UIInterfaceOrientationLandscapeRight";
				LD_RUNPATH_SEARCH_PATHS = (
					"$(inherited)",
					"@executable_path/Frameworks",
				);
				MARKETING_VERSION = 1.0;
				PRODUCT_BUNDLE_IDENTIFIER = Miam.SampleMiamUIKitIntegration;
				PRODUCT_NAME = "$(TARGET_NAME)";
				SWIFT_EMIT_LOC_STRINGS = YES;
				SWIFT_VERSION = 5.0;
				TARGETED_DEVICE_FAMILY = 1;
			};
			name = Debug;
		};
		BF85058D28578EFA00651864 /* Release */ = {
			isa = XCBuildConfiguration;
			buildSettings = {
				ASSETCATALOG_COMPILER_APPICON_NAME = AppIcon;
				ASSETCATALOG_COMPILER_GLOBAL_ACCENT_COLOR_NAME = AccentColor;
				CODE_SIGN_STYLE = Automatic;
				CURRENT_PROJECT_VERSION = 1;
				DEVELOPMENT_TEAM = VLHN7Y8965;
				GENERATE_INFOPLIST_FILE = YES;
				INFOPLIST_FILE = SampleMiamUIKitIntegration/Info.plist;
				INFOPLIST_KEY_UIApplicationSupportsIndirectInputEvents = YES;
				INFOPLIST_KEY_UILaunchStoryboardName = LaunchScreen;
				INFOPLIST_KEY_UIMainStoryboardFile = Main;
				INFOPLIST_KEY_UIStatusBarStyle = "";
				INFOPLIST_KEY_UISupportedInterfaceOrientations_iPad = "UIInterfaceOrientationPortrait UIInterfaceOrientationPortraitUpsideDown UIInterfaceOrientationLandscapeLeft UIInterfaceOrientationLandscapeRight";
				INFOPLIST_KEY_UISupportedInterfaceOrientations_iPhone = "UIInterfaceOrientationPortrait UIInterfaceOrientationLandscapeLeft UIInterfaceOrientationLandscapeRight";
				LD_RUNPATH_SEARCH_PATHS = (
					"$(inherited)",
					"@executable_path/Frameworks",
				);
				MARKETING_VERSION = 1.0;
				PRODUCT_BUNDLE_IDENTIFIER = Miam.SampleMiamUIKitIntegration;
				PRODUCT_NAME = "$(TARGET_NAME)";
				SWIFT_EMIT_LOC_STRINGS = YES;
				SWIFT_VERSION = 5.0;
				TARGETED_DEVICE_FAMILY = 1;
			};
			name = Release;
		};
/* End XCBuildConfiguration section */

/* Begin XCConfigurationList section */
		BF85057228578EF800651864 /* Build configuration list for PBXProject "SampleMiamUIKitIntegration" */ = {
			isa = XCConfigurationList;
			buildConfigurations = (
				BF85058928578EFA00651864 /* Debug */,
				BF85058A28578EFA00651864 /* Release */,
			);
			defaultConfigurationIsVisible = 0;
			defaultConfigurationName = Release;
		};
		BF85058B28578EFA00651864 /* Build configuration list for PBXNativeTarget "SampleMiamUIKitIntegration" */ = {
			isa = XCConfigurationList;
			buildConfigurations = (
				BF85058C28578EFA00651864 /* Debug */,
				BF85058D28578EFA00651864 /* Release */,
			);
			defaultConfigurationIsVisible = 0;
			defaultConfigurationName = Release;
		};
/* End XCConfigurationList section */

/* Begin XCRemoteSwiftPackageReference section */
		264A36B22A6FC3D300EA2D23 /* XCRemoteSwiftPackageReference "miam-sdk" */ = {
			isa = XCRemoteSwiftPackageReference;
			repositoryURL = "file:///Users/diarmuidmcgonagle/sources/miam/miam-sdk";
			requirement = {
				kind = upToNextMajorVersion;
				minimumVersion = 3.0.0;
			};
		};
		264A36BF2A70022200EA2D23 /* XCRemoteSwiftPackageReference "MiamNeutraliOSFramework" */ = {
			isa = XCRemoteSwiftPackageReference;
			repositoryURL = "file:///Users/diarmuidmcgonagle/sources/miam/MiamNeutraliOSFramework";
			requirement = {
				branch = main;
				kind = branch;
			};
		};
		26B847852AE96DF4000C9AF1 /* XCRemoteSwiftPackageReference "firebase-ios-sdk" */ = {
			isa = XCRemoteSwiftPackageReference;
			repositoryURL = "https://github.com/firebase/firebase-ios-sdk";
			requirement = {
				kind = upToNextMajorVersion;
				minimumVersion = 10.0.0;
			};
		};
/* End XCRemoteSwiftPackageReference section */

/* Begin XCSwiftPackageProductDependency section */
		264A36B32A6FC3D300EA2D23 /* MiamIOSFramework */ = {
			isa = XCSwiftPackageProductDependency;
			package = 264A36B22A6FC3D300EA2D23 /* XCRemoteSwiftPackageReference "miam-sdk" */;
			productName = MiamIOSFramework;
		};
		264A36C02A70022200EA2D23 /* MiamNeutraliOSFramework */ = {
			isa = XCSwiftPackageProductDependency;
			package = 264A36BF2A70022200EA2D23 /* XCRemoteSwiftPackageReference "MiamNeutraliOSFramework" */;
			productName = MiamNeutraliOSFramework;
		};
		26B847862AE96DF4000C9AF1 /* FirebaseAppDistribution-Beta */ = {
			isa = XCSwiftPackageProductDependency;
			package = 26B847852AE96DF4000C9AF1 /* XCRemoteSwiftPackageReference "firebase-ios-sdk" */;
			productName = "FirebaseAppDistribution-Beta";
		};
/* End XCSwiftPackageProductDependency section */
	};
	rootObject = BF85056F28578EF800651864 /* Project object */;
}
